{"1.2.0",
[{<<"alara">>,{pkg,<<"alara">>,<<"0.1.6">>},2},
 {<<"jsx">>,{pkg,<<"jsx">>,<<"3.1.0">>},0},
 {<<"keylara">>,{pkg,<<"keylara">>,<<"1.2.3">>},1},
 {<<"wade">>,{pkg,<<"wade">>,<<"0.2.2">>},0}]}.
[
{pkg_hash,[
 {<<"alara">>, <<"EC02E6AAB9A97D7B61DD3EA53264BC664C1F4B4CAC5492ABE3B54F46A8C66DC8">>},
 {<<"jsx">>, <<"D12516BAA0BB23A59BB35DCCAF02A1BD08243FCBB9EFE24F2D9D056CCFF71268">>},
 {<<"keylara">>, <<"3E2D3E692B4CF136921510ADA655FE50989C15FABDEA728A0FFEB5DCF382B407">>},
 {<<"wade">>, <<"F13DC1D2C2A27625D03BEA79859E8884F7895C751AC81FD4938AFAA9DD5C35A5">>}]},
{pkg_hash_ext,[
 {<<"alara">>, <<"631AD0747FD93B0C95F7F4666638AEB202A2E1BDEDDD663BFE98F6D0A0AEF546">>},
 {<<"jsx">>, <<"0C5CC8FDC11B53CC25CF65AC6705AD39E54ECC56D1C22E4ADB8F5A53FB9427F3">>},
 {<<"keylara">>, <<"8766DE017DDC39DC037EDF96C7D3376A649F8428A2EE1D760B0D61E3A967DAC2">>},
 {<<"wade">>, <<"3106CA7635C8E32E713D449F065C4BAFE300D66D05A96726973EDDD9999597E6">>}]}
].
